
Microsoft Visual Studio Solution File, Format Version 12.00
# Visual Studio Version 17
VisualStudioVersion = 17.3.32929.385
MinimumVisualStudioVersion = 10.0.40219.1
Project("{FAE04EC0-301F-11D3-BF4B-00C04F79EFBC}") = "API", "ExcelData\API.csproj", "{A337AEBB-C677-44A1-9146-67700A6DB31B}"
EndProject
Project("{FAE04EC0-301F-11D3-BF4B-00C04F79EFBC}") = "Repositories", "Repositories\Repositories.csproj", "{E1DEC2BE-5660-4902-B82F-83C0D131AB4C}"
EndProject
Project("{FAE04EC0-301F-11D3-BF4B-00C04F79EFBC}") = "Service", "Services\Service.csproj", "{8C3994E5-7705-4284-B19A-E55E7C716733}"
EndProject
Project("{FAE04EC0-301F-11D3-BF4B-00C04F79EFBC}") = "Common", "Common\Common.csproj", "{C4FE783C-EDEB-46F5-9A50-A87F948D7F00}"
EndProject
Global
	GlobalSection(SolutionConfigurationPlatforms) = preSolution
		Debug|Any CPU = Debug|Any CPU
		Release|Any CPU = Release|Any CPU
	EndGlobalSection
	GlobalSection(ProjectConfigurationPlatforms) = postSolution
		{A337AEBB-C677-44A1-9146-67700A6DB31B}.Debug|Any CPU.ActiveCfg = Debug|Any CPU
		{A337AEBB-C677-44A1-9146-67700A6DB31B}.Debug|Any CPU.Build.0 = Debug|Any CPU
		{A337AEBB-C677-44A1-9146-67700A6DB31B}.Release|Any CPU.ActiveCfg = Release|Any CPU
		{A337AEBB-C677-44A1-9146-67700A6DB31B}.Release|Any CPU.Build.0 = Release|Any CPU
		{E1DEC2BE-5660-4902-B82F-83C0D131AB4C}.Debug|Any CPU.ActiveCfg = Debug|Any CPU
		{E1DEC2BE-5660-4902-B82F-83C0D131AB4C}.Debug|Any CPU.Build.0 = Debug|Any CPU
		{E1DEC2BE-5660-4902-B82F-83C0D131AB4C}.Release|Any CPU.ActiveCfg = Release|Any CPU
		{E1DEC2BE-5660-4902-B82F-83C0D131AB4C}.Release|Any CPU.Build.0 = Release|Any CPU
		{8C3994E5-7705-4284-B19A-E55E7C716733}.Debug|Any CPU.ActiveCfg = Debug|Any CPU
		{8C3994E5-7705-4284-B19A-E55E7C716733}.Debug|Any CPU.Build.0 = Debug|Any CPU
		{8C3994E5-7705-4284-B19A-E55E7C716733}.Release|Any CPU.ActiveCfg = Release|Any CPU
		{8C3994E5-7705-4284-B19A-E55E7C716733}.Release|Any CPU.Build.0 = Release|Any CPU
		{C4FE783C-EDEB-46F5-9A50-A87F948D7F00}.Debug|Any CPU.ActiveCfg = Debug|Any CPU
		{C4FE783C-EDEB-46F5-9A50-A87F948D7F00}.Debug|Any CPU.Build.0 = Debug|Any CPU
		{C4FE783C-EDEB-46F5-9A50-A87F948D7F00}.Release|Any CPU.ActiveCfg = Release|Any CPU
		{C4FE783C-EDEB-46F5-9A50-A87F948D7F00}.Release|Any CPU.Build.0 = Release|Any CPU
	EndGlobalSection
	GlobalSection(SolutionProperties) = preSolution
		HideSolutionNode = FALSE
	EndGlobalSection
	GlobalSection(ExtensibilityGlobals) = postSolution
		SolutionGuid = {A18DA0A7-317B-4E4A-97C1-B14CA2FA8ED9}
	EndGlobalSection
EndGlobal
